{
	"name": "ipywwt",
	"lockfileVersion": 3,
	"requires": true,
	"packages": {
		"": {
			"dependencies": {
				"@wwtelescope/engine": "^7.30.1",
				"@wwtelescope/research-app": "^0.17.0",
				"http": "^0.0.1-security"
			},
			"devDependencies": {
				"@anywidget/types": "^0.2.0",
				"esbuild": "^0.24.0",
				"shelljs": "^0.8.5"
			}
		},
		"node_modules/@anywidget/types": {
			"version": "0.2.0",
			"resolved": "https://registry.npmjs.org/@anywidget/types/-/types-0.2.0.tgz",
			"integrity": "sha512-+XtK4uwxRd4JpuevUMhirrbvC0V4yCA/i0lEjhmSAtOaxiXIg/vBKzaSonDuoZ1a9LEjUXTW2+m7w+ULgsJYvg==",
			"dev": true
		},
		"node_modules/@babel/helper-string-parser": {
			"version": "7.25.9",
			"resolved": "https://registry.npmjs.org/@babel/helper-string-parser/-/helper-string-parser-7.25.9.tgz",
			"integrity": "sha512-4A/SCr/2KLd5jrtOMFzaKjVtAei3+2r/NChoBNoZ3EyP/+GlhoaEGoWOZUmFmoITP7zOJyHIMm+DYRd8o3PvHA==",
			"license": "MIT",
			"engines": {
				"node": ">=6.9.0"
			}
		},
		"node_modules/@babel/helper-validator-identifier": {
			"version": "7.25.9",
			"resolved": "https://registry.npmjs.org/@babel/helper-validator-identifier/-/helper-validator-identifier-7.25.9.tgz",
			"integrity": "sha512-Ed61U6XJc3CVRfkERJWDz4dJwKe7iLmmJsbOGu9wSloNSFttHV0I8g6UAgb7qnK5ly5bGLPd4oXZlxCdANBOWQ==",
			"license": "MIT",
			"engines": {
				"node": ">=6.9.0"
			}
		},
		"node_modules/@babel/parser": {
			"version": "7.26.9",
			"resolved": "https://registry.npmjs.org/@babel/parser/-/parser-7.26.9.tgz",
			"integrity": "sha512-81NWa1njQblgZbQHxWHpxxCzNsa3ZwvFqpUg7P+NNUU6f3UU2jBEg4OlF/J6rl8+PQGh1q6/zWScd001YwcA5A==",
			"license": "MIT",
			"dependencies": {
				"@babel/types": "^7.26.9"
			},
			"bin": {
				"parser": "bin/babel-parser.js"
			},
			"engines": {
				"node": ">=6.0.0"
			}
		},
		"node_modules/@babel/types": {
			"version": "7.26.9",
			"resolved": "https://registry.npmjs.org/@babel/types/-/types-7.26.9.tgz",
			"integrity": "sha512-Y3IR1cRnOxOCDvMmNiym7XpXQ93iGDDPHx+Zj+NM+rg0fBaShfQLkg+hKPaZCEvg5N/LeCo4+Rj/i3FuJsIQaw==",
			"license": "MIT",
			"dependencies": {
				"@babel/helper-string-parser": "^7.25.9",
				"@babel/helper-validator-identifier": "^7.25.9"
			},
			"engines": {
				"node": ">=6.9.0"
			}
		},
		"node_modules/@esbuild/aix-ppc64": {
			"version": "0.24.2",
			"resolved": "https://registry.npmjs.org/@esbuild/aix-ppc64/-/aix-ppc64-0.24.2.tgz",
			"integrity": "sha512-thpVCb/rhxE/BnMLQ7GReQLLN8q9qbHmI55F4489/ByVg2aQaQ6kbcLb6FHkocZzQhxc4gx0sCk0tJkKBFzDhA==",
			"cpu": [
				"ppc64"
			],
			"dev": true,
			"license": "MIT",
			"optional": true,
			"os": [
				"aix"
			],
			"engines": {
				"node": ">=18"
			}
		},
		"node_modules/@esbuild/android-arm": {
			"version": "0.24.2",
			"resolved": "https://registry.npmjs.org/@esbuild/android-arm/-/android-arm-0.24.2.tgz",
			"integrity": "sha512-tmwl4hJkCfNHwFB3nBa8z1Uy3ypZpxqxfTQOcHX+xRByyYgunVbZ9MzUUfb0RxaHIMnbHagwAxuTL+tnNM+1/Q==",
			"cpu": [
				"arm"
			],
			"dev": true,
			"license": "MIT",
			"optional": true,
			"os": [
				"android"
			],
			"engines": {
				"node": ">=18"
			}
		},
		"node_modules/@esbuild/android-arm64": {
			"version": "0.24.2",
			"resolved": "https://registry.npmjs.org/@esbuild/android-arm64/-/android-arm64-0.24.2.tgz",
			"integrity": "sha512-cNLgeqCqV8WxfcTIOeL4OAtSmL8JjcN6m09XIgro1Wi7cF4t/THaWEa7eL5CMoMBdjoHOTh/vwTO/o2TRXIyzg==",
			"cpu": [
				"arm64"
			],
			"dev": true,
			"license": "MIT",
			"optional": true,
			"os": [
				"android"
			],
			"engines": {
				"node": ">=18"
			}
		},
		"node_modules/@esbuild/android-x64": {
			"version": "0.24.2",
			"resolved": "https://registry.npmjs.org/@esbuild/android-x64/-/android-x64-0.24.2.tgz",
			"integrity": "sha512-B6Q0YQDqMx9D7rvIcsXfmJfvUYLoP722bgfBlO5cGvNVb5V/+Y7nhBE3mHV9OpxBf4eAS2S68KZztiPaWq4XYw==",
			"cpu": [
				"x64"
			],
			"dev": true,
			"license": "MIT",
			"optional": true,
			"os": [
				"android"
			],
			"engines": {
				"node": ">=18"
			}
		},
		"node_modules/@esbuild/darwin-arm64": {
			"version": "0.24.2",
			"resolved": "https://registry.npmjs.org/@esbuild/darwin-arm64/-/darwin-arm64-0.24.2.tgz",
			"integrity": "sha512-kj3AnYWc+CekmZnS5IPu9D+HWtUI49hbnyqk0FLEJDbzCIQt7hg7ucF1SQAilhtYpIujfaHr6O0UHlzzSPdOeA==",
			"cpu": [
				"arm64"
			],
			"dev": true,
			"license": "MIT",
			"optional": true,
			"os": [
				"darwin"
			],
			"engines": {
				"node": ">=18"
			}
		},
		"node_modules/@esbuild/darwin-x64": {
			"version": "0.24.2",
			"resolved": "https://registry.npmjs.org/@esbuild/darwin-x64/-/darwin-x64-0.24.2.tgz",
			"integrity": "sha512-WeSrmwwHaPkNR5H3yYfowhZcbriGqooyu3zI/3GGpF8AyUdsrrP0X6KumITGA9WOyiJavnGZUwPGvxvwfWPHIA==",
			"cpu": [
				"x64"
			],
			"dev": true,
			"license": "MIT",
			"optional": true,
			"os": [
				"darwin"
			],
			"engines": {
				"node": ">=18"
			}
		},
		"node_modules/@esbuild/freebsd-arm64": {
			"version": "0.24.2",
			"resolved": "https://registry.npmjs.org/@esbuild/freebsd-arm64/-/freebsd-arm64-0.24.2.tgz",
			"integrity": "sha512-UN8HXjtJ0k/Mj6a9+5u6+2eZ2ERD7Edt1Q9IZiB5UZAIdPnVKDoG7mdTVGhHJIeEml60JteamR3qhsr1r8gXvg==",
			"cpu": [
				"arm64"
			],
			"dev": true,
			"license": "MIT",
			"optional": true,
			"os": [
				"freebsd"
			],
			"engines": {
				"node": ">=18"
			}
		},
		"node_modules/@esbuild/freebsd-x64": {
			"version": "0.24.2",
			"resolved": "https://registry.npmjs.org/@esbuild/freebsd-x64/-/freebsd-x64-0.24.2.tgz",
			"integrity": "sha512-TvW7wE/89PYW+IevEJXZ5sF6gJRDY/14hyIGFXdIucxCsbRmLUcjseQu1SyTko+2idmCw94TgyaEZi9HUSOe3Q==",
			"cpu": [
				"x64"
			],
			"dev": true,
			"license": "MIT",
			"optional": true,
			"os": [
				"freebsd"
			],
			"engines": {
				"node": ">=18"
			}
		},
		"node_modules/@esbuild/linux-arm": {
			"version": "0.24.2",
			"resolved": "https://registry.npmjs.org/@esbuild/linux-arm/-/linux-arm-0.24.2.tgz",
			"integrity": "sha512-n0WRM/gWIdU29J57hJyUdIsk0WarGd6To0s+Y+LwvlC55wt+GT/OgkwoXCXvIue1i1sSNWblHEig00GBWiJgfA==",
			"cpu": [
				"arm"
			],
			"dev": true,
			"license": "MIT",
			"optional": true,
			"os": [
				"linux"
			],
			"engines": {
				"node": ">=18"
			}
		},
		"node_modules/@esbuild/linux-arm64": {
			"version": "0.24.2",
			"resolved": "https://registry.npmjs.org/@esbuild/linux-arm64/-/linux-arm64-0.24.2.tgz",
			"integrity": "sha512-7HnAD6074BW43YvvUmE/35Id9/NB7BeX5EoNkK9obndmZBUk8xmJJeU7DwmUeN7tkysslb2eSl6CTrYz6oEMQg==",
			"cpu": [
				"arm64"
			],
			"dev": true,
			"license": "MIT",
			"optional": true,
			"os": [
				"linux"
			],
			"engines": {
				"node": ">=18"
			}
		},
		"node_modules/@esbuild/linux-ia32": {
			"version": "0.24.2",
			"resolved": "https://registry.npmjs.org/@esbuild/linux-ia32/-/linux-ia32-0.24.2.tgz",
			"integrity": "sha512-sfv0tGPQhcZOgTKO3oBE9xpHuUqguHvSo4jl+wjnKwFpapx+vUDcawbwPNuBIAYdRAvIDBfZVvXprIj3HA+Ugw==",
			"cpu": [
				"ia32"
			],
			"dev": true,
			"license": "MIT",
			"optional": true,
			"os": [
				"linux"
			],
			"engines": {
				"node": ">=18"
			}
		},
		"node_modules/@esbuild/linux-loong64": {
			"version": "0.24.2",
			"resolved": "https://registry.npmjs.org/@esbuild/linux-loong64/-/linux-loong64-0.24.2.tgz",
			"integrity": "sha512-CN9AZr8kEndGooS35ntToZLTQLHEjtVB5n7dl8ZcTZMonJ7CCfStrYhrzF97eAecqVbVJ7APOEe18RPI4KLhwQ==",
			"cpu": [
				"loong64"
			],
			"dev": true,
			"license": "MIT",
			"optional": true,
			"os": [
				"linux"
			],
			"engines": {
				"node": ">=18"
			}
		},
		"node_modules/@esbuild/linux-mips64el": {
			"version": "0.24.2",
			"resolved": "https://registry.npmjs.org/@esbuild/linux-mips64el/-/linux-mips64el-0.24.2.tgz",
			"integrity": "sha512-iMkk7qr/wl3exJATwkISxI7kTcmHKE+BlymIAbHO8xanq/TjHaaVThFF6ipWzPHryoFsesNQJPE/3wFJw4+huw==",
			"cpu": [
				"mips64el"
			],
			"dev": true,
			"license": "MIT",
			"optional": true,
			"os": [
				"linux"
			],
			"engines": {
				"node": ">=18"
			}
		},
		"node_modules/@esbuild/linux-ppc64": {
			"version": "0.24.2",
			"resolved": "https://registry.npmjs.org/@esbuild/linux-ppc64/-/linux-ppc64-0.24.2.tgz",
			"integrity": "sha512-shsVrgCZ57Vr2L8mm39kO5PPIb+843FStGt7sGGoqiiWYconSxwTiuswC1VJZLCjNiMLAMh34jg4VSEQb+iEbw==",
			"cpu": [
				"ppc64"
			],
			"dev": true,
			"license": "MIT",
			"optional": true,
			"os": [
				"linux"
			],
			"engines": {
				"node": ">=18"
			}
		},
		"node_modules/@esbuild/linux-riscv64": {
			"version": "0.24.2",
			"resolved": "https://registry.npmjs.org/@esbuild/linux-riscv64/-/linux-riscv64-0.24.2.tgz",
			"integrity": "sha512-4eSFWnU9Hhd68fW16GD0TINewo1L6dRrB+oLNNbYyMUAeOD2yCK5KXGK1GH4qD/kT+bTEXjsyTCiJGHPZ3eM9Q==",
			"cpu": [
				"riscv64"
			],
			"dev": true,
			"license": "MIT",
			"optional": true,
			"os": [
				"linux"
			],
			"engines": {
				"node": ">=18"
			}
		},
		"node_modules/@esbuild/linux-s390x": {
			"version": "0.24.2",
			"resolved": "https://registry.npmjs.org/@esbuild/linux-s390x/-/linux-s390x-0.24.2.tgz",
			"integrity": "sha512-S0Bh0A53b0YHL2XEXC20bHLuGMOhFDO6GN4b3YjRLK//Ep3ql3erpNcPlEFed93hsQAjAQDNsvcK+hV90FubSw==",
			"cpu": [
				"s390x"
			],
			"dev": true,
			"license": "MIT",
			"optional": true,
			"os": [
				"linux"
			],
			"engines": {
				"node": ">=18"
			}
		},
		"node_modules/@esbuild/linux-x64": {
			"version": "0.24.2",
			"resolved": "https://registry.npmjs.org/@esbuild/linux-x64/-/linux-x64-0.24.2.tgz",
			"integrity": "sha512-8Qi4nQcCTbLnK9WoMjdC9NiTG6/E38RNICU6sUNqK0QFxCYgoARqVqxdFmWkdonVsvGqWhmm7MO0jyTqLqwj0Q==",
			"cpu": [
				"x64"
			],
			"dev": true,
			"license": "MIT",
			"optional": true,
			"os": [
				"linux"
			],
			"engines": {
				"node": ">=18"
			}
		},
		"node_modules/@esbuild/netbsd-arm64": {
			"version": "0.24.2",
			"resolved": "https://registry.npmjs.org/@esbuild/netbsd-arm64/-/netbsd-arm64-0.24.2.tgz",
			"integrity": "sha512-wuLK/VztRRpMt9zyHSazyCVdCXlpHkKm34WUyinD2lzK07FAHTq0KQvZZlXikNWkDGoT6x3TD51jKQ7gMVpopw==",
			"cpu": [
				"arm64"
			],
			"dev": true,
			"license": "MIT",
			"optional": true,
			"os": [
				"netbsd"
			],
			"engines": {
				"node": ">=18"
			}
		},
		"node_modules/@esbuild/netbsd-x64": {
			"version": "0.24.2",
			"resolved": "https://registry.npmjs.org/@esbuild/netbsd-x64/-/netbsd-x64-0.24.2.tgz",
			"integrity": "sha512-VefFaQUc4FMmJuAxmIHgUmfNiLXY438XrL4GDNV1Y1H/RW3qow68xTwjZKfj/+Plp9NANmzbH5R40Meudu8mmw==",
			"cpu": [
				"x64"
			],
			"dev": true,
			"license": "MIT",
			"optional": true,
			"os": [
				"netbsd"
			],
			"engines": {
				"node": ">=18"
			}
		},
		"node_modules/@esbuild/openbsd-arm64": {
			"version": "0.24.2",
			"resolved": "https://registry.npmjs.org/@esbuild/openbsd-arm64/-/openbsd-arm64-0.24.2.tgz",
			"integrity": "sha512-YQbi46SBct6iKnszhSvdluqDmxCJA+Pu280Av9WICNwQmMxV7nLRHZfjQzwbPs3jeWnuAhE9Jy0NrnJ12Oz+0A==",
			"cpu": [
				"arm64"
			],
			"dev": true,
			"license": "MIT",
			"optional": true,
			"os": [
				"openbsd"
			],
			"engines": {
				"node": ">=18"
			}
		},
		"node_modules/@esbuild/openbsd-x64": {
			"version": "0.24.2",
			"resolved": "https://registry.npmjs.org/@esbuild/openbsd-x64/-/openbsd-x64-0.24.2.tgz",
			"integrity": "sha512-+iDS6zpNM6EnJyWv0bMGLWSWeXGN/HTaF/LXHXHwejGsVi+ooqDfMCCTerNFxEkM3wYVcExkeGXNqshc9iMaOA==",
			"cpu": [
				"x64"
			],
			"dev": true,
			"license": "MIT",
			"optional": true,
			"os": [
				"openbsd"
			],
			"engines": {
				"node": ">=18"
			}
		},
		"node_modules/@esbuild/sunos-x64": {
			"version": "0.24.2",
			"resolved": "https://registry.npmjs.org/@esbuild/sunos-x64/-/sunos-x64-0.24.2.tgz",
			"integrity": "sha512-hTdsW27jcktEvpwNHJU4ZwWFGkz2zRJUz8pvddmXPtXDzVKTTINmlmga3ZzwcuMpUvLw7JkLy9QLKyGpD2Yxig==",
			"cpu": [
				"x64"
			],
			"dev": true,
			"license": "MIT",
			"optional": true,
			"os": [
				"sunos"
			],
			"engines": {
				"node": ">=18"
			}
		},
		"node_modules/@esbuild/win32-arm64": {
			"version": "0.24.2",
			"resolved": "https://registry.npmjs.org/@esbuild/win32-arm64/-/win32-arm64-0.24.2.tgz",
			"integrity": "sha512-LihEQ2BBKVFLOC9ZItT9iFprsE9tqjDjnbulhHoFxYQtQfai7qfluVODIYxt1PgdoyQkz23+01rzwNwYfutxUQ==",
			"cpu": [
				"arm64"
			],
			"dev": true,
			"license": "MIT",
			"optional": true,
			"os": [
				"win32"
			],
			"engines": {
				"node": ">=18"
			}
		},
		"node_modules/@esbuild/win32-ia32": {
			"version": "0.24.2",
			"resolved": "https://registry.npmjs.org/@esbuild/win32-ia32/-/win32-ia32-0.24.2.tgz",
			"integrity": "sha512-q+iGUwfs8tncmFC9pcnD5IvRHAzmbwQ3GPS5/ceCyHdjXubwQWI12MKWSNSMYLJMq23/IUCvJMS76PDqXe1fxA==",
			"cpu": [
				"ia32"
			],
			"dev": true,
			"license": "MIT",
			"optional": true,
			"os": [
				"win32"
			],
			"engines": {
				"node": ">=18"
			}
		},
		"node_modules/@esbuild/win32-x64": {
			"version": "0.24.2",
			"resolved": "https://registry.npmjs.org/@esbuild/win32-x64/-/win32-x64-0.24.2.tgz",
			"integrity": "sha512-7VTgWzgMGvup6aSqDPLiW5zHaxYJGTO4OokMjIlrCtf+VpEL+cXKtCvg723iguPYI5oaUNdS+/V7OU2gvXVWEg==",
			"cpu": [
				"x64"
			],
			"dev": true,
			"license": "MIT",
			"optional": true,
			"os": [
				"win32"
			],
			"engines": {
				"node": ">=18"
			}
		},
		"node_modules/@fortawesome/fontawesome-common-types": {
			"version": "6.7.2",
			"resolved": "https://registry.npmjs.org/@fortawesome/fontawesome-common-types/-/fontawesome-common-types-6.7.2.tgz",
			"integrity": "sha512-Zs+YeHUC5fkt7Mg1l6XTniei3k4bwG/yo3iFUtZWd/pMx9g3fdvkSK9E0FOC+++phXOka78uJcYb8JaFkW52Xg==",
			"license": "MIT",
			"engines": {
				"node": ">=6"
			}
		},
		"node_modules/@fortawesome/fontawesome-svg-core": {
			"version": "6.7.2",
			"resolved": "https://registry.npmjs.org/@fortawesome/fontawesome-svg-core/-/fontawesome-svg-core-6.7.2.tgz",
			"integrity": "sha512-yxtOBWDrdi5DD5o1pmVdq3WMCvnobT0LU6R8RyyVXPvFRd2o79/0NCuQoCjNTeZz9EzA9xS3JxNWfv54RIHFEA==",
			"license": "MIT",
			"dependencies": {
				"@fortawesome/fontawesome-common-types": "6.7.2"
			},
			"engines": {
				"node": ">=6"
			}
		},
		"node_modules/@fortawesome/free-solid-svg-icons": {
			"version": "6.7.2",
			"resolved": "https://registry.npmjs.org/@fortawesome/free-solid-svg-icons/-/free-solid-svg-icons-6.7.2.tgz",
			"integrity": "sha512-GsBrnOzU8uj0LECDfD5zomZJIjrPhIlWU82AHwa2s40FKH+kcxQaBvBo3Z4TxyZHIyX8XTDxsyA33/Vx9eFuQA==",
			"license": "(CC-BY-4.0 AND MIT)",
			"dependencies": {
				"@fortawesome/fontawesome-common-types": "6.7.2"
			},
			"engines": {
				"node": ">=6"
			}
		},
		"node_modules/@fortawesome/vue-fontawesome": {
			"version": "3.0.8",
			"resolved": "https://registry.npmjs.org/@fortawesome/vue-fontawesome/-/vue-fontawesome-3.0.8.tgz",
			"integrity": "sha512-yyHHAj4G8pQIDfaIsMvQpwKMboIZtcHTUvPqXjOHyldh1O1vZfH4W03VDPv5RvI9P6DLTzJQlmVgj9wCf7c2Fw==",
			"license": "MIT",
			"peerDependencies": {
				"@fortawesome/fontawesome-svg-core": "~1 || ~6",
				"vue": ">= 3.0.0 < 4"
			}
		},
		"node_modules/@jridgewell/sourcemap-codec": {
			"version": "1.5.0",
			"resolved": "https://registry.npmjs.org/@jridgewell/sourcemap-codec/-/sourcemap-codec-1.5.0.tgz",
			"integrity": "sha512-gv3ZRaISU3fjPAgNsriBRqGWQL6quFx04YMPW/zD8XMLsU32mhCCbfbO6KZFLjvYpCZ8zyDEgqsgf+PwPaM7GQ==",
			"license": "MIT"
		},
		"node_modules/@kyvg/vue3-notification": {
			"version": "2.9.1",
			"resolved": "https://registry.npmjs.org/@kyvg/vue3-notification/-/vue3-notification-2.9.1.tgz",
			"integrity": "sha512-FsY8g25tQetr3etnarxHtCeNFKssH8sheFu13LyL2JJmOOel437QqKV5n4RBDDDTIo55iKgIVYXeojliXYdEhw==",
			"license": "MIT",
			"peerDependencies": {
				"vue": "^3.0.0"
			}
		},
		"node_modules/@popperjs/core": {
			"version": "2.11.8",
			"resolved": "https://registry.npmjs.org/@popperjs/core/-/core-2.11.8.tgz",
			"integrity": "sha512-P1st0aksCrn9sGZhp8GMYwBnQsbvAWsZAX44oXNNvLHGqAOcoVxmjZiohstwQ7SqKnbR47akdNi+uleWD8+g6A==",
			"license": "MIT",
			"funding": {
				"type": "opencollective",
				"url": "https://opencollective.com/popperjs"
			}
		},
		"node_modules/@vue/compiler-core": {
			"version": "3.5.13",
			"resolved": "https://registry.npmjs.org/@vue/compiler-core/-/compiler-core-3.5.13.tgz",
			"integrity": "sha512-oOdAkwqUfW1WqpwSYJce06wvt6HljgY3fGeM9NcVA1HaYOij3mZG9Rkysn0OHuyUAGMbEbARIpsG+LPVlBJ5/Q==",
			"license": "MIT",
			"dependencies": {
				"@babel/parser": "^7.25.3",
				"@vue/shared": "3.5.13",
				"entities": "^4.5.0",
				"estree-walker": "^2.0.2",
				"source-map-js": "^1.2.0"
			}
		},
		"node_modules/@vue/compiler-dom": {
			"version": "3.5.13",
			"resolved": "https://registry.npmjs.org/@vue/compiler-dom/-/compiler-dom-3.5.13.tgz",
			"integrity": "sha512-ZOJ46sMOKUjO3e94wPdCzQ6P1Lx/vhp2RSvfaab88Ajexs0AHeV0uasYhi99WPaogmBlRHNRuly8xV75cNTMDA==",
			"license": "MIT",
			"dependencies": {
				"@vue/compiler-core": "3.5.13",
				"@vue/shared": "3.5.13"
			}
		},
		"node_modules/@vue/compiler-sfc": {
			"version": "3.5.13",
			"resolved": "https://registry.npmjs.org/@vue/compiler-sfc/-/compiler-sfc-3.5.13.tgz",
			"integrity": "sha512-6VdaljMpD82w6c2749Zhf5T9u5uLBWKnVue6XWxprDobftnletJ8+oel7sexFfM3qIxNmVE7LSFGTpv6obNyaQ==",
			"license": "MIT",
			"dependencies": {
				"@babel/parser": "^7.25.3",
				"@vue/compiler-core": "3.5.13",
				"@vue/compiler-dom": "3.5.13",
				"@vue/compiler-ssr": "3.5.13",
				"@vue/shared": "3.5.13",
				"estree-walker": "^2.0.2",
				"magic-string": "^0.30.11",
				"postcss": "^8.4.48",
				"source-map-js": "^1.2.0"
			}
		},
		"node_modules/@vue/compiler-ssr": {
			"version": "3.5.13",
			"resolved": "https://registry.npmjs.org/@vue/compiler-ssr/-/compiler-ssr-3.5.13.tgz",
			"integrity": "sha512-wMH6vrYHxQl/IybKJagqbquvxpWCuVYpoUJfCqFZwa/JY1GdATAQ+TgVtgrwwMZ0D07QhA99rs/EAAWfvG6KpA==",
			"license": "MIT",
			"dependencies": {
				"@vue/compiler-dom": "3.5.13",
				"@vue/shared": "3.5.13"
			}
		},
		"node_modules/@vue/devtools-api": {
			"version": "6.6.4",
			"resolved": "https://registry.npmjs.org/@vue/devtools-api/-/devtools-api-6.6.4.tgz",
			"integrity": "sha512-sGhTPMuXqZ1rVOk32RylztWkfXTRhuS7vgAKv0zjqk8gbsHkJ7xfFf+jbySxt7tWObEJwyKaHMikV/WGDiQm8g==",
			"license": "MIT"
		},
		"node_modules/@vue/reactivity": {
			"version": "3.5.13",
			"resolved": "https://registry.npmjs.org/@vue/reactivity/-/reactivity-3.5.13.tgz",
			"integrity": "sha512-NaCwtw8o48B9I6L1zl2p41OHo/2Z4wqYGGIK1Khu5T7yxrn+ATOixn/Udn2m+6kZKB/J7cuT9DbWWhRxqixACg==",
			"license": "MIT",
			"dependencies": {
				"@vue/shared": "3.5.13"
			}
		},
		"node_modules/@vue/runtime-core": {
			"version": "3.5.13",
			"resolved": "https://registry.npmjs.org/@vue/runtime-core/-/runtime-core-3.5.13.tgz",
			"integrity": "sha512-Fj4YRQ3Az0WTZw1sFe+QDb0aXCerigEpw418pw1HBUKFtnQHWzwojaukAs2X/c9DQz4MQ4bsXTGlcpGxU/RCIw==",
			"license": "MIT",
			"dependencies": {
				"@vue/reactivity": "3.5.13",
				"@vue/shared": "3.5.13"
			}
		},
		"node_modules/@vue/runtime-dom": {
			"version": "3.5.13",
			"resolved": "https://registry.npmjs.org/@vue/runtime-dom/-/runtime-dom-3.5.13.tgz",
			"integrity": "sha512-dLaj94s93NYLqjLiyFzVs9X6dWhTdAlEAciC3Moq7gzAc13VJUdCnjjRurNM6uTLFATRHexHCTu/Xp3eW6yoog==",
			"license": "MIT",
			"dependencies": {
				"@vue/reactivity": "3.5.13",
				"@vue/runtime-core": "3.5.13",
				"@vue/shared": "3.5.13",
				"csstype": "^3.1.3"
			}
		},
		"node_modules/@vue/server-renderer": {
			"version": "3.5.13",
			"resolved": "https://registry.npmjs.org/@vue/server-renderer/-/server-renderer-3.5.13.tgz",
			"integrity": "sha512-wAi4IRJV/2SAW3htkTlB+dHeRmpTiVIK1OGLWV1yeStVSebSQQOwGwIq0D3ZIoBj2C2qpgz5+vX9iEBkTdk5YA==",
			"license": "MIT",
			"dependencies": {
				"@vue/compiler-ssr": "3.5.13",
				"@vue/shared": "3.5.13"
			},
			"peerDependencies": {
				"vue": "3.5.13"
			}
		},
		"node_modules/@vue/shared": {
			"version": "3.5.13",
			"resolved": "https://registry.npmjs.org/@vue/shared/-/shared-3.5.13.tgz",
			"integrity": "sha512-/hnE/qP5ZoGpol0a5mDi45bOd7t3tjYJBjsgCsivow7D48cJeV5l05RD82lPqi7gRiphZM37rnhW1l6ZoCNNnQ==",
			"license": "MIT"
		},
		"node_modules/@wwtelescope/astro": {
			"version": "0.2.5",
			"resolved": "https://registry.npmjs.org/@wwtelescope/astro/-/astro-0.2.5.tgz",
			"integrity": "sha512-5D4TFOvVYeoVoruAVSLA6DzYbEOw7tCtY5JUHJ2pWtW6BvxFbUZIAUfkbGvQ8v0oYavLAkZBHc7WZErXb6DAyA==",
			"license": "MIT"
		},
		"node_modules/@wwtelescope/engine": {
			"version": "7.30.1",
			"resolved": "https://registry.npmjs.org/@wwtelescope/engine/-/engine-7.30.1.tgz",
			"integrity": "sha512-yBYFE/HWDiuBBdZDkJSbG79KPTyMZRpbh/ujXLU3l4GKm1yGTIUR52oSafDgKZWvWMKWd2OB4UnP1Yhajgt8qA==",
			"license": "MIT",
			"dependencies": {
				"@wwtelescope/engine-types": ">=0.6.0",
				"pako": "^1.0.11",
				"uuid": "^8.3.2"
			}
		},
		"node_modules/@wwtelescope/engine-helpers": {
			"version": "0.16.1",
			"resolved": "https://registry.npmjs.org/@wwtelescope/engine-helpers/-/engine-helpers-0.16.1.tgz",
			"integrity": "sha512-mbQ+JCS+ySYIXN19PzkPHYEn0ZYkgSTX53LST6Fhz8hlG5K4/+lsjGfTJqXEcfjJeFrOMjwgqsKF33TotkLJ1Q==",
			"license": "MIT",
			"dependencies": {
				"@wwtelescope/astro": ">=0.1.0",
				"@wwtelescope/engine": "^7.29.1",
				"@wwtelescope/engine-types": ">=0.6.0"
			}
		},
		"node_modules/@wwtelescope/engine-pinia": {
			"version": "0.10.0",
			"resolved": "https://registry.npmjs.org/@wwtelescope/engine-pinia/-/engine-pinia-0.10.0.tgz",
			"integrity": "sha512-k6dvlRgg7+jlF5zcYKxbUQ/3y8QOVP7blRkTBclKodEET7ESqizmgIVNX3qfu93kmSOOfYDWiLRgM85YCeKgtw==",
			"license": "MIT",
			"dependencies": {
				"@wwtelescope/astro": ">=0.2.2",
				"@wwtelescope/engine": "^7.29.1",
				"@wwtelescope/engine-helpers": ">=0.15.0",
				"@wwtelescope/engine-types": ">=0.6.3",
				"pinia": "^2.0.22",
				"vue": "^3"
			}
		},
		"node_modules/@wwtelescope/engine-types": {
			"version": "0.6.7",
			"resolved": "https://registry.npmjs.org/@wwtelescope/engine-types/-/engine-types-0.6.7.tgz",
			"integrity": "sha512-xOI3XbxB/JzjUiyf5KDoGDFxROa7FUJ7J10wXm0u/fTBK7bTdIORGe91J4OKhF3YtDN82E8HZizlz38L+HJ/hg==",
			"license": "MIT"
		},
		"node_modules/@wwtelescope/research-app": {
			"version": "0.17.0",
			"resolved": "https://registry.npmjs.org/@wwtelescope/research-app/-/research-app-0.17.0.tgz",
			"integrity": "sha512-Z9iD9HiB9FsLL20ysJUP8GEVuniCrPn3novjDC60JJcYHTEkfe9XVeAYCE4T2bDJMHy/jb6cZ1JEfXiIFkxyTA==",
			"license": "MIT",
			"dependencies": {
				"@fortawesome/fontawesome-svg-core": "^6.2.0",
				"@fortawesome/free-solid-svg-icons": "^6.2.0",
				"@fortawesome/vue-fontawesome": "^3",
				"@kyvg/vue3-notification": "^2.4.1",
				"@wwtelescope/astro": ">=0.2.0",
				"@wwtelescope/engine": "^7.29.1",
				"@wwtelescope/engine-helpers": ">=0.8.1",
				"@wwtelescope/engine-pinia": ">=0.10.0",
				"@wwtelescope/engine-types": ">=0.6.1",
				"@wwtelescope/research-app-messages": ">=0.17.0",
				"moment": "^2.29.1",
				"screenfull": "^5",
				"vue": "^3",
				"vue-color-kit": "^1.0.5",
				"vue-select": "^4.0.0-beta.5",
				"vue-slider-component": "^4.1.0-beta.2",
				"vue3-popper": "^1.5.0"
			}
		},
		"node_modules/@wwtelescope/research-app-messages": {
			"version": "0.18.0",
			"resolved": "https://registry.npmjs.org/@wwtelescope/research-app-messages/-/research-app-messages-0.18.0.tgz",
			"integrity": "sha512-sIutRjBHF46JS889/Iiz2KHukbKN+S/FuoYLBsszrF+0uDJiZLAXMoCm5hIZDETM8Dx1ntx/1cAQA7B8MZ70hA==",
			"license": "MIT"
		},
		"node_modules/balanced-match": {
			"version": "1.0.2",
			"resolved": "https://registry.npmjs.org/balanced-match/-/balanced-match-1.0.2.tgz",
			"integrity": "sha512-3oSeUO0TMV67hN1AmbXsK4yaqU7tjiHlbxRDZOpH0KW9+CeX4bRAaX0Anxt0tx2MrpRpWwQaPwIlISEJhYU5Pw==",
			"dev": true,
			"license": "MIT"
		},
		"node_modules/brace-expansion": {
			"version": "1.1.11",
			"resolved": "https://registry.npmjs.org/brace-expansion/-/brace-expansion-1.1.11.tgz",
			"integrity": "sha512-iCuPHDFgrHX7H2vEI/5xpz07zSHB00TpugqhmYtVmMO6518mCuRMoOYFldEBl0g187ufozdaHgWKcYFb61qGiA==",
			"dev": true,
			"license": "MIT",
			"dependencies": {
				"balanced-match": "^1.0.0",
				"concat-map": "0.0.1"
			}
		},
		"node_modules/concat-map": {
			"version": "0.0.1",
			"resolved": "https://registry.npmjs.org/concat-map/-/concat-map-0.0.1.tgz",
			"integrity": "sha512-/Srv4dswyQNBfohGpz9o6Yb3Gz3SrUDqBH5rTuhGR7ahtlbYKnVxw2bCFMRljaA7EXHaXZ8wsHdodFvbkhKmqg==",
			"dev": true,
			"license": "MIT"
		},
		"node_modules/csstype": {
			"version": "3.1.3",
			"resolved": "https://registry.npmjs.org/csstype/-/csstype-3.1.3.tgz",
			"integrity": "sha512-M1uQkMl8rQK/szD0LNhtqxIPLpimGm8sOBwU7lLnCpSbTyY3yeU1Vc7l4KT5zT4s/yOxHH5O7tIuuLOCnLADRw==",
			"license": "MIT"
		},
		"node_modules/debounce": {
			"version": "1.2.1",
			"resolved": "https://registry.npmjs.org/debounce/-/debounce-1.2.1.tgz",
			"integrity": "sha512-XRRe6Glud4rd/ZGQfiV1ruXSfbvfJedlV9Y6zOlP+2K04vBYiJEte6stfFkCP03aMnY5tsipamumUjL14fofug==",
			"license": "MIT"
		},
		"node_modules/entities": {
			"version": "4.5.0",
			"resolved": "https://registry.npmjs.org/entities/-/entities-4.5.0.tgz",
			"integrity": "sha512-V0hjH4dGPh9Ao5p0MoRY6BVqtwCjhz6vI5LT8AJ55H+4g9/4vbHx1I54fS0XuclLhDHArPQCiMjDxjaL8fPxhw==",
			"license": "BSD-2-Clause",
			"engines": {
				"node": ">=0.12"
			},
			"funding": {
				"url": "https://github.com/fb55/entities?sponsor=1"
			}
		},
		"node_modules/esbuild": {
			"version": "0.24.2",
			"resolved": "https://registry.npmjs.org/esbuild/-/esbuild-0.24.2.tgz",
			"integrity": "sha512-+9egpBW8I3CD5XPe0n6BfT5fxLzxrlDzqydF3aviG+9ni1lDC/OvMHcxqEFV0+LANZG5R1bFMWfUrjVsdwxJvA==",
			"dev": true,
			"hasInstallScript": true,
			"license": "MIT",
			"bin": {
				"esbuild": "bin/esbuild"
			},
			"engines": {
				"node": ">=18"
			},
			"optionalDependencies": {
				"@esbuild/aix-ppc64": "0.24.2",
				"@esbuild/android-arm": "0.24.2",
				"@esbuild/android-arm64": "0.24.2",
				"@esbuild/android-x64": "0.24.2",
				"@esbuild/darwin-arm64": "0.24.2",
				"@esbuild/darwin-x64": "0.24.2",
				"@esbuild/freebsd-arm64": "0.24.2",
				"@esbuild/freebsd-x64": "0.24.2",
				"@esbuild/linux-arm": "0.24.2",
				"@esbuild/linux-arm64": "0.24.2",
				"@esbuild/linux-ia32": "0.24.2",
				"@esbuild/linux-loong64": "0.24.2",
				"@esbuild/linux-mips64el": "0.24.2",
				"@esbuild/linux-ppc64": "0.24.2",
				"@esbuild/linux-riscv64": "0.24.2",
				"@esbuild/linux-s390x": "0.24.2",
				"@esbuild/linux-x64": "0.24.2",
				"@esbuild/netbsd-arm64": "0.24.2",
				"@esbuild/netbsd-x64": "0.24.2",
				"@esbuild/openbsd-arm64": "0.24.2",
				"@esbuild/openbsd-x64": "0.24.2",
				"@esbuild/sunos-x64": "0.24.2",
				"@esbuild/win32-arm64": "0.24.2",
				"@esbuild/win32-ia32": "0.24.2",
				"@esbuild/win32-x64": "0.24.2"
			}
		},
		"node_modules/estree-walker": {
			"version": "2.0.2",
			"resolved": "https://registry.npmjs.org/estree-walker/-/estree-walker-2.0.2.tgz",
			"integrity": "sha512-Rfkk/Mp/DL7JVje3u18FxFujQlTNR2q6QfMSMB7AvCBx91NGj/ba3kCfza0f6dVDbw7YlRf/nDrn7pQrCCyQ/w==",
			"license": "MIT"
		},
		"node_modules/fs.realpath": {
			"version": "1.0.0",
			"resolved": "https://registry.npmjs.org/fs.realpath/-/fs.realpath-1.0.0.tgz",
			"integrity": "sha512-OO0pH2lK6a0hZnAdau5ItzHPI6pUlvI7jMVnxUQRtw4owF2wk8lOSabtGDCTP4Ggrg2MbGnWO9X8K1t4+fGMDw==",
			"dev": true,
			"license": "ISC"
		},
		"node_modules/function-bind": {
			"version": "1.1.2",
			"resolved": "https://registry.npmjs.org/function-bind/-/function-bind-1.1.2.tgz",
			"integrity": "sha512-7XHNxH7qX9xG5mIwxkhumTox/MIRNcOgDrxWsMt2pAr23WHp6MrRlN7FBSFpCpr+oVO0F744iUgR82nJMfG2SA==",
			"dev": true,
			"license": "MIT",
			"funding": {
				"url": "https://github.com/sponsors/ljharb"
			}
		},
		"node_modules/glob": {
			"version": "7.2.3",
			"resolved": "https://registry.npmjs.org/glob/-/glob-7.2.3.tgz",
			"integrity": "sha512-nFR0zLpU2YCaRxwoCJvL6UvCH2JFyFVIvwTLsIf21AuHlMskA1hhTdk+LlYJtOlYt9v6dvszD2BGRqBL+iQK9Q==",
			"deprecated": "Glob versions prior to v9 are no longer supported",
			"dev": true,
			"license": "ISC",
			"dependencies": {
				"fs.realpath": "^1.0.0",
				"inflight": "^1.0.4",
				"inherits": "2",
				"minimatch": "^3.1.1",
				"once": "^1.3.0",
				"path-is-absolute": "^1.0.0"
			},
			"engines": {
				"node": "*"
			},
			"funding": {
				"url": "https://github.com/sponsors/isaacs"
			}
		},
		"node_modules/hasown": {
			"version": "2.0.2",
			"resolved": "https://registry.npmjs.org/hasown/-/hasown-2.0.2.tgz",
			"integrity": "sha512-0hJU9SCPvmMzIBdZFqNPXWa6dqh7WdH0cII9y+CyS8rG3nL48Bclra9HmKhVVUHyPWNH5Y7xDwAB7bfgSjkUMQ==",
			"dev": true,
			"license": "MIT",
			"dependencies": {
				"function-bind": "^1.1.2"
			},
			"engines": {
				"node": ">= 0.4"
			}
		},
		"node_modules/http": {
			"version": "0.0.1-security",
			"resolved": "https://registry.npmjs.org/http/-/http-0.0.1-security.tgz",
			"integrity": "sha512-RnDvP10Ty9FxqOtPZuxtebw1j4L/WiqNMDtuc1YMH1XQm5TgDRaR1G9u8upL6KD1bXHSp9eSXo/ED+8Q7FAr+g=="
		},
		"node_modules/inflight": {
			"version": "1.0.6",
			"resolved": "https://registry.npmjs.org/inflight/-/inflight-1.0.6.tgz",
			"integrity": "sha512-k92I/b08q4wvFscXCLvqfsHCrjrF7yiXsQuIVvVE7N82W3+aqpzuUdBbfhWcy/FZR3/4IgflMgKLOsvPDrGCJA==",
			"deprecated": "This module is not supported, and leaks memory. Do not use it. Check out lru-cache if you want a good and tested way to coalesce async requests by a key value, which is much more comprehensive and powerful.",
			"dev": true,
			"license": "ISC",
			"dependencies": {
				"once": "^1.3.0",
				"wrappy": "1"
			}
		},
		"node_modules/inherits": {
			"version": "2.0.4",
			"resolved": "https://registry.npmjs.org/inherits/-/inherits-2.0.4.tgz",
			"integrity": "sha512-k/vGaX4/Yla3WzyMCvTQOXYeIHvqOKtnqBduzTHpzpQZzAskKMhZ2K+EnBiSM9zGSoIFeMpXKxa4dYeZIQqewQ==",
			"dev": true,
			"license": "ISC"
		},
		"node_modules/interpret": {
			"version": "1.4.0",
			"resolved": "https://registry.npmjs.org/interpret/-/interpret-1.4.0.tgz",
			"integrity": "sha512-agE4QfB2Lkp9uICn7BAqoscw4SZP9kTE2hxiFI3jBPmXJfdqiahTbUuKGsMoN2GtqL9AxhYioAcVvgsb1HvRbA==",
			"dev": true,
			"license": "MIT",
			"engines": {
				"node": ">= 0.10"
			}
		},
		"node_modules/is-core-module": {
			"version": "2.16.1",
			"resolved": "https://registry.npmjs.org/is-core-module/-/is-core-module-2.16.1.tgz",
			"integrity": "sha512-UfoeMA6fIJ8wTYFEUjelnaGI67v6+N7qXJEvQuIGa99l4xsCruSYOVSQ0uPANn4dAzm8lkYPaKLrrijLq7x23w==",
			"dev": true,
			"license": "MIT",
			"dependencies": {
				"hasown": "^2.0.2"
			},
			"engines": {
				"node": ">= 0.4"
			},
			"funding": {
				"url": "https://github.com/sponsors/ljharb"
			}
		},
		"node_modules/magic-string": {
			"version": "0.30.17",
			"resolved": "https://registry.npmjs.org/magic-string/-/magic-string-0.30.17.tgz",
			"integrity": "sha512-sNPKHvyjVf7gyjwS4xGTaW/mCnF8wnjtifKBEhxfZ7E/S8tQ0rssrwGNn6q8JH/ohItJfSQp9mBtQYuTlH5QnA==",
			"license": "MIT",
			"dependencies": {
				"@jridgewell/sourcemap-codec": "^1.5.0"
			}
		},
		"node_modules/minimatch": {
			"version": "3.1.2",
			"resolved": "https://registry.npmjs.org/minimatch/-/minimatch-3.1.2.tgz",
			"integrity": "sha512-J7p63hRiAjw1NDEww1W7i37+ByIrOWO5XQQAzZ3VOcL0PNybwpfmV/N05zFAzwQ9USyEcX6t3UO+K5aqBQOIHw==",
			"dev": true,
			"license": "ISC",
			"dependencies": {
				"brace-expansion": "^1.1.7"
			},
			"engines": {
				"node": "*"
			}
		},
		"node_modules/moment": {
			"version": "2.30.1",
			"resolved": "https://registry.npmjs.org/moment/-/moment-2.30.1.tgz",
			"integrity": "sha512-uEmtNhbDOrWPFS+hdjFCBfy9f2YoyzRpwcl+DqpC6taX21FzsTLQVbMV/W7PzNSX6x/bhC1zA3c2UQ5NzH6how==",
			"license": "MIT",
			"engines": {
				"node": "*"
			}
		},
		"node_modules/nanoid": {
			"version": "3.3.8",
			"resolved": "https://registry.npmjs.org/nanoid/-/nanoid-3.3.8.tgz",
			"integrity": "sha512-WNLf5Sd8oZxOm+TzppcYk8gVOgP+l58xNy58D0nbUnOxOWRWvlcCV4kUF7ltmI6PsrLl/BgKEyS4mqsGChFN0w==",
			"funding": [
				{
					"type": "github",
					"url": "https://github.com/sponsors/ai"
				}
			],
			"license": "MIT",
			"bin": {
				"nanoid": "bin/nanoid.cjs"
			},
			"engines": {
				"node": "^10 || ^12 || ^13.7 || ^14 || >=15.0.1"
			}
		},
		"node_modules/once": {
			"version": "1.4.0",
			"resolved": "https://registry.npmjs.org/once/-/once-1.4.0.tgz",
			"integrity": "sha512-lNaJgI+2Q5URQBkccEKHTQOPaXdUxnZZElQTZY0MFUAuaEqe1E+Nyvgdz/aIyNi6Z9MzO5dv1H8n58/GELp3+w==",
			"dev": true,
			"license": "ISC",
			"dependencies": {
				"wrappy": "1"
			}
		},
		"node_modules/pako": {
			"version": "1.0.11",
			"resolved": "https://registry.npmjs.org/pako/-/pako-1.0.11.tgz",
			"integrity": "sha512-4hLB8Py4zZce5s4yd9XzopqwVv/yGNhV1Bl8NTmCq1763HeK2+EwVTv+leGeL13Dnh2wfbqowVPXCIO0z4taYw==",
			"license": "(MIT AND Zlib)"
		},
		"node_modules/path-is-absolute": {
			"version": "1.0.1",
			"resolved": "https://registry.npmjs.org/path-is-absolute/-/path-is-absolute-1.0.1.tgz",
			"integrity": "sha512-AVbw3UJ2e9bq64vSaS9Am0fje1Pa8pbGqTTsmXfaIiMpnr5DlDhfJOuLj9Sf95ZPVDAUerDfEk88MPmPe7UCQg==",
			"dev": true,
			"license": "MIT",
			"engines": {
				"node": ">=0.10.0"
			}
		},
		"node_modules/path-parse": {
			"version": "1.0.7",
			"resolved": "https://registry.npmjs.org/path-parse/-/path-parse-1.0.7.tgz",
			"integrity": "sha512-LDJzPVEEEPR+y48z93A0Ed0yXb8pAByGWo/k5YYdYgpY2/2EsOsksJrq7lOHxryrVOn1ejG6oAp8ahvOIQD8sw==",
			"dev": true,
			"license": "MIT"
		},
		"node_modules/picocolors": {
			"version": "1.1.1",
			"resolved": "https://registry.npmjs.org/picocolors/-/picocolors-1.1.1.tgz",
			"integrity": "sha512-xceH2snhtb5M9liqDsmEw56le376mTZkEX/jEb/RxNFyegNul7eNslCXP9FDj/Lcu0X8KEyMceP2ntpaHrDEVA==",
			"license": "ISC"
		},
		"node_modules/pinia": {
			"version": "2.3.1",
			"resolved": "https://registry.npmjs.org/pinia/-/pinia-2.3.1.tgz",
			"integrity": "sha512-khUlZSwt9xXCaTbbxFYBKDc/bWAGWJjOgvxETwkTN7KRm66EeT1ZdZj6i2ceh9sP2Pzqsbc704r2yngBrxBVug==",
			"license": "MIT",
			"dependencies": {
				"@vue/devtools-api": "^6.6.3",
				"vue-demi": "^0.14.10"
			},
			"funding": {
				"url": "https://github.com/sponsors/posva"
			},
			"peerDependencies": {
				"typescript": ">=4.4.4",
				"vue": "^2.7.0 || ^3.5.11"
			},
			"peerDependenciesMeta": {
				"typescript": {
					"optional": true
				}
			}
		},
		"node_modules/postcss": {
			"version": "8.5.3",
			"resolved": "https://registry.npmjs.org/postcss/-/postcss-8.5.3.tgz",
			"integrity": "sha512-dle9A3yYxlBSrt8Fu+IpjGT8SY8hN0mlaA6GY8t0P5PjIOZemULz/E2Bnm/2dcUOena75OTNkHI76uZBNUUq3A==",
			"funding": [
				{
					"type": "opencollective",
					"url": "https://opencollective.com/postcss/"
				},
				{
					"type": "tidelift",
					"url": "https://tidelift.com/funding/github/npm/postcss"
				},
				{
					"type": "github",
					"url": "https://github.com/sponsors/ai"
				}
			],
			"license": "MIT",
			"dependencies": {
				"nanoid": "^3.3.8",
				"picocolors": "^1.1.1",
				"source-map-js": "^1.2.1"
			},
			"engines": {
				"node": "^10 || ^12 || >=14"
			}
		},
		"node_modules/rechoir": {
			"version": "0.6.2",
			"resolved": "https://registry.npmjs.org/rechoir/-/rechoir-0.6.2.tgz",
			"integrity": "sha512-HFM8rkZ+i3zrV+4LQjwQ0W+ez98pApMGM3HUrN04j3CqzPOzl9nmP15Y8YXNm8QHGv/eacOVEjqhmWpkRV0NAw==",
			"dev": true,
			"dependencies": {
				"resolve": "^1.1.6"
			},
			"engines": {
				"node": ">= 0.10"
			}
		},
		"node_modules/resolve": {
			"version": "1.22.10",
			"resolved": "https://registry.npmjs.org/resolve/-/resolve-1.22.10.tgz",
			"integrity": "sha512-NPRy+/ncIMeDlTAsuqwKIiferiawhefFJtkNSW0qZJEqMEb+qBt/77B/jGeeek+F0uOeN05CDa6HXbbIgtVX4w==",
			"dev": true,
			"license": "MIT",
			"dependencies": {
				"is-core-module": "^2.16.0",
				"path-parse": "^1.0.7",
				"supports-preserve-symlinks-flag": "^1.0.0"
			},
			"bin": {
				"resolve": "bin/resolve"
			},
			"engines": {
				"node": ">= 0.4"
			},
			"funding": {
				"url": "https://github.com/sponsors/ljharb"
			}
		},
		"node_modules/screenfull": {
			"version": "5.2.0",
			"resolved": "https://registry.npmjs.org/screenfull/-/screenfull-5.2.0.tgz",
			"integrity": "sha512-9BakfsO2aUQN2K9Fdbj87RJIEZ82Q9IGim7FqM5OsebfoFC6ZHXgDq/KvniuLTPdeM8wY2o6Dj3WQ7KeQCj3cA==",
			"license": "MIT",
			"engines": {
				"node": ">=0.10.0"
			},
			"funding": {
				"url": "https://github.com/sponsors/sindresorhus"
			}
		},
		"node_modules/shelljs": {
			"version": "0.8.5",
			"resolved": "https://registry.npmjs.org/shelljs/-/shelljs-0.8.5.tgz",
			"integrity": "sha512-TiwcRcrkhHvbrZbnRcFYMLl30Dfov3HKqzp5tO5b4pt6G/SezKcYhmDg15zXVBswHmctSAQKznqNW2LO5tTDow==",
			"dev": true,
			"license": "BSD-3-Clause",
			"dependencies": {
				"glob": "^7.0.0",
				"interpret": "^1.0.0",
				"rechoir": "^0.6.2"
			},
			"bin": {
				"shjs": "bin/shjs"
			},
			"engines": {
				"node": ">=4"
			}
		},
		"node_modules/source-map-js": {
			"version": "1.2.1",
			"resolved": "https://registry.npmjs.org/source-map-js/-/source-map-js-1.2.1.tgz",
			"integrity": "sha512-UXWMKhLOwVKb728IUtQPXxfYU+usdybtUrK/8uGE8CQMvrhOpwvzDBwj0QhSL7MQc7vIsISBG8VQ8+IDQxpfQA==",
			"license": "BSD-3-Clause",
			"engines": {
				"node": ">=0.10.0"
			}
		},
		"node_modules/supports-preserve-symlinks-flag": {
			"version": "1.0.0",
			"resolved": "https://registry.npmjs.org/supports-preserve-symlinks-flag/-/supports-preserve-symlinks-flag-1.0.0.tgz",
			"integrity": "sha512-ot0WnXS9fgdkgIcePe6RHNk1WA8+muPa6cSjeR3V8K27q9BB1rTE3R1p7Hv0z1ZyAc8s6Vvv8DIyWf681MAt0w==",
			"dev": true,
			"license": "MIT",
			"engines": {
				"node": ">= 0.4"
			},
			"funding": {
				"url": "https://github.com/sponsors/ljharb"
			}
		},
		"node_modules/typescript": {
			"version": "5.8.2",
			"resolved": "https://registry.npmjs.org/typescript/-/typescript-5.8.2.tgz",
			"integrity": "sha512-aJn6wq13/afZp/jT9QZmwEjDqqvSGp1VT5GVg+f/t6/oVyrgXM6BY1h9BRh/O5p3PlUPAe+WuiEZOmb/49RqoQ==",
			"license": "Apache-2.0",
			"optional": true,
			"peer": true,
			"bin": {
				"tsc": "bin/tsc",
				"tsserver": "bin/tsserver"
			},
			"engines": {
				"node": ">=14.17"
			}
		},
		"node_modules/uuid": {
			"version": "8.3.2",
			"resolved": "https://registry.npmjs.org/uuid/-/uuid-8.3.2.tgz",
			"integrity": "sha512-+NYs2QeMWy+GWFOEm9xnn6HCDp0l7QBD7ml8zLUmJ+93Q5NF0NocErnwkTkXVFNiX3/fpC6afS8Dhb/gz7R7eg==",
			"license": "MIT",
			"bin": {
				"uuid": "dist/bin/uuid"
			}
		},
		"node_modules/vue": {
			"version": "3.5.13",
			"resolved": "https://registry.npmjs.org/vue/-/vue-3.5.13.tgz",
			"integrity": "sha512-wmeiSMxkZCSc+PM2w2VRsOYAZC8GdipNFRTsLSfodVqI9mbejKeXEGr8SckuLnrQPGe3oJN5c3K0vpoU9q/wCQ==",
			"license": "MIT",
			"dependencies": {
				"@vue/compiler-dom": "3.5.13",
				"@vue/compiler-sfc": "3.5.13",
				"@vue/runtime-dom": "3.5.13",
				"@vue/server-renderer": "3.5.13",
				"@vue/shared": "3.5.13"
			},
			"peerDependencies": {
				"typescript": "*"
			},
			"peerDependenciesMeta": {
				"typescript": {
					"optional": true
				}
			}
		},
		"node_modules/vue-color-kit": {
			"version": "1.0.6",
			"resolved": "https://registry.npmjs.org/vue-color-kit/-/vue-color-kit-1.0.6.tgz",
			"integrity": "sha512-56oSUp8hGIZ3E4ayZLqTDAb2C7VzaWAC1EVUsZEvPCD2wiiiFd2L2BiEGN1ingfz538sYWKNXxMZQGslqbMiBg==",
			"license": "MIT",
			"peerDependencies": {
				"vue": "^3.0.5"
			}
		},
		"node_modules/vue-demi": {
			"version": "0.14.10",
			"resolved": "https://registry.npmjs.org/vue-demi/-/vue-demi-0.14.10.tgz",
			"integrity": "sha512-nMZBOwuzabUO0nLgIcc6rycZEebF6eeUfaiQx9+WSk8e29IbLvPU9feI6tqW4kTo3hvoYAJkMh8n8D0fuISphg==",
			"hasInstallScript": true,
			"license": "MIT",
			"bin": {
				"vue-demi-fix": "bin/vue-demi-fix.js",
				"vue-demi-switch": "bin/vue-demi-switch.js"
			},
			"engines": {
				"node": ">=12"
			},
			"funding": {
				"url": "https://github.com/sponsors/antfu"
			},
			"peerDependencies": {
				"@vue/composition-api": "^1.0.0-rc.1",
				"vue": "^3.0.0-0 || ^2.6.0"
			},
			"peerDependenciesMeta": {
				"@vue/composition-api": {
					"optional": true
				}
			}
		},
		"node_modules/vue-select": {
			"version": "4.0.0-beta.6",
			"resolved": "https://registry.npmjs.org/vue-select/-/vue-select-4.0.0-beta.6.tgz",
			"integrity": "sha512-K+zrNBSpwMPhAxYLTCl56gaMrWZGgayoWCLqe5rWwkB8aUbAUh7u6sXjIR7v4ckp2WKC7zEEUY27g6h1MRsIHw==",
			"license": "MIT",
			"peerDependencies": {
				"vue": "3.x"
			}
		},
		"node_modules/vue-slider-component": {
			"version": "4.1.0-beta.7",
			"resolved": "https://registry.npmjs.org/vue-slider-component/-/vue-slider-component-4.1.0-beta.7.tgz",
			"integrity": "sha512-Qb7K920ZG7PoQswoF6Ias+i3W2rd3k4fpk04JUl82kEUcN86Yg6et7bVSKWt/7VpQe8a5IT3BqCKSCOZ7AJgCA==",
			"license": "MIT"
		},
		"node_modules/vue3-popper": {
			"version": "1.5.0",
			"resolved": "https://registry.npmjs.org/vue3-popper/-/vue3-popper-1.5.0.tgz",
			"integrity": "sha512-xaEnx90YBnlSg5G2yWqm2DHWHg+DB99UVRp4VsyTF0QLXyHrqSuE1Xo5+sG0AQq/lBcrGMlk5NU5xE2MDLKViw==",
			"license": "MIT",
			"dependencies": {
				"@popperjs/core": "^2.9.2",
				"debounce": "^1.2.1"
			},
			"engines": {
				"node": ">=12"
			},
			"peerDependencies": {
				"vue": "^3.2.20"
			}
		},
		"node_modules/wrappy": {
			"version": "1.0.2",
			"resolved": "https://registry.npmjs.org/wrappy/-/wrappy-1.0.2.tgz",
			"integrity": "sha512-l4Sp/DRseor9wL6EvV2+TuQn63dMkPjZ/sp9XkghTEbV9KlPS1xUsZ3u7/IQO4wxtcFB4bgpQPRcR3QCvezPcQ==",
			"dev": true,
			"license": "ISC"
		}
	}
}
